{
  "pins" : [
    {
      "identity" : "alamofire",
      "kind" : "remoteSourceControl",
      "location" : "https://github.com/Alamofire/Alamofire.git",
      "state" : {
        "revision" : "78424be314842833c04bc3bef5b72e85fff99204",
        "version" : "5.6.4"
      }
    },
    {
      "identity" : "lottie-spm",
      "kind" : "remoteSourceControl",
      "location" : "https://github.com/airbnb/lottie-spm.git",
      "state" : {
        "revision" : "60ea4f82fba8b4cb21a75665a889e86ed4d81c6e",
        "version" : "4.2.0"
      }
    },
    {
      "identity" : "realm-core",
      "kind" : "remoteSourceControl",
      "location" : "https://github.com/realm/realm-core.git",
      "state" : {
        "revision" : "b77443ca7fa25407869ca537bf3ae912b1427bff",
        "version" : "12.13.0"
      }
    },
    {
      "identity" : "realm-swift",
      "kind" : "remoteSourceControl",
      "location" : "https://github.com/realm/realm-swift",
      "state" : {
        "revision" : "b1072f3ef733108dfcc62c2001781e5d65605fbf",
        "version" : "10.34.1"
      }
    },
    {
      "identity" : "swiftyjson",
      "kind" : "remoteSourceControl",
      "location" : "https://github.com/SwiftyJSON/SwiftyJSON.git",
      "state" : {
        "revision" : "b3dcd7dbd0d488e1a7077cb33b00f2083e382f07",
        "version" : "5.0.1"
      }
    }
  ],
  "version" : 2
}
