// !$*UTF8*$!
{
	archiveVersion = 1;
	classes = {
	};
	objectVersion = 56;
	objects = {

/* Begin PBXBuildFile section */
		2F06D6572A663904004DD93E /* affirmation.json in Resources */ = {isa = PBXBuildFile; fileRef = 2F06D6562A663904004DD93E /* affirmation.json */; };
		2F0D04E92A0A1E1B002523A9 /* Weather.swift in Sources */ = {isa = PBXBuildFile; fileRef = 2F0D04E82A0A1E1B002523A9 /* Weather.swift */; };
		2F0D04EE2A0A21EF002523A9 /* WeatherViewModel.swift in Sources */ = {isa = PBXBuildFile; fileRef = 2F0D04ED2A0A21EF002523A9 /* WeatherViewModel.swift */; };
		2F11AE142A675615002FFAED /* BiometricLoginView.swift in Sources */ = {isa = PBXBuildFile; fileRef = 2F11AE132A675615002FFAED /* BiometricLoginView.swift */; };
		2F18B4122A6654DC00F91C7B /* GoogleService-Info.plist in Resources */ = {isa = PBXBuildFile; fileRef = 2F18B4112A6654DC00F91C7B /* GoogleService-Info.plist */; };
		2F24A2692A4C878400B41C01 /* BreathType.swift in Sources */ = {isa = PBXBuildFile; fileRef = 2F24A2682A4C878400B41C01 /* BreathType.swift */; };
		2F27A1802973F0FC007DA7CC /* LocationManager.swift in Sources */ = {isa = PBXBuildFile; fileRef = 2F27A17F2973F0FC007DA7CC /* LocationManager.swift */; };
		2F27A18329740143007DA7CC /* Alamofire in Frameworks */ = {isa = PBXBuildFile; productRef = 2F27A18229740143007DA7CC /* Alamofire */; };
		2F27A186297401B8007DA7CC /* SwiftyJSON in Frameworks */ = {isa = PBXBuildFile; productRef = 2F27A185297401B8007DA7CC /* SwiftyJSON */; };
		2F27A188297402AB007DA7CC /* LocationFetch.swift in Sources */ = {isa = PBXBuildFile; fileRef = 2F27A187297402AB007DA7CC /* LocationFetch.swift */; };
		2F36B0A42967A40000AC8D59 /* OhMyClockApp.swift in Sources */ = {isa = PBXBuildFile; fileRef = 2F36B0A32967A40000AC8D59 /* OhMyClockApp.swift */; };
		2F36B0A62967A40000AC8D59 /* ContentView.swift in Sources */ = {isa = PBXBuildFile; fileRef = 2F36B0A52967A40000AC8D59 /* ContentView.swift */; };
		2F36B0A82967A40200AC8D59 /* Assets.xcassets in Resources */ = {isa = PBXBuildFile; fileRef = 2F36B0A72967A40200AC8D59 /* Assets.xcassets */; };
		2F36B0AB2967A40200AC8D59 /* Preview Assets.xcassets in Resources */ = {isa = PBXBuildFile; fileRef = 2F36B0AA2967A40200AC8D59 /* Preview Assets.xcassets */; };
		2F36B0B32967A4B000AC8D59 /* Colors.swift in Sources */ = {isa = PBXBuildFile; fileRef = 2F36B0B22967A4B000AC8D59 /* Colors.swift */; };
		2F36B0B52967A4DF00AC8D59 /* DateFormatter+TimeFormatter.swift in Sources */ = {isa = PBXBuildFile; fileRef = 2F36B0B42967A4DF00AC8D59 /* DateFormatter+TimeFormatter.swift */; };
		2F36B0B82967A51900AC8D59 /* Models.swift in Sources */ = {isa = PBXBuildFile; fileRef = 2F36B0B72967A51900AC8D59 /* Models.swift */; };
		2F434BAF296F60FE00698C1A /* PlayerView.swift in Sources */ = {isa = PBXBuildFile; fileRef = 2F434BAE296F60FE00698C1A /* PlayerView.swift */; };
		2F434BB1296F63F100698C1A /* PlaybackControlButton.swift in Sources */ = {isa = PBXBuildFile; fileRef = 2F434BB0296F63F000698C1A /* PlaybackControlButton.swift */; };
		2F434BB3296F863400698C1A /* MeditationViewModel.swift in Sources */ = {isa = PBXBuildFile; fileRef = 2F434BB2296F863400698C1A /* MeditationViewModel.swift */; };
		2F434BB6296F89F100698C1A /* Extensions.swift in Sources */ = {isa = PBXBuildFile; fileRef = 2F434BB5296F89F100698C1A /* Extensions.swift */; };
		2F434BB8296F8CCA00698C1A /* AudioManager.swift in Sources */ = {isa = PBXBuildFile; fileRef = 2F434BB7296F8CCA00698C1A /* AudioManager.swift */; };
		2F438EF52A6B139A00CDF33D /* PasswordResetView.swift in Sources */ = {isa = PBXBuildFile; fileRef = 2F438EF42A6B139A00CDF33D /* PasswordResetView.swift */; };
		2F438EF72A6B164B00CDF33D /* PasswordResetService.swift in Sources */ = {isa = PBXBuildFile; fileRef = 2F438EF62A6B164B00CDF33D /* PasswordResetService.swift */; };
		2F438EF92A6B17B000CDF33D /* PasswordResetViewModel.swift in Sources */ = {isa = PBXBuildFile; fileRef = 2F438EF82A6B17B000CDF33D /* PasswordResetViewModel.swift */; };
		2F4AB6222A5DDAA400F6332F /* MoodModelController.swift in Sources */ = {isa = PBXBuildFile; fileRef = 2F4AB6212A5DDAA400F6332F /* MoodModelController.swift */; };
		2F4AB6242A5DDB3600F6332F /* DiaryMood.swift in Sources */ = {isa = PBXBuildFile; fileRef = 2F4AB6232A5DDB3600F6332F /* DiaryMood.swift */; };
		2F4AB6272A5DDD0D00F6332F /* MoodDiaryView.swift in Sources */ = {isa = PBXBuildFile; fileRef = 2F4AB6262A5DDD0D00F6332F /* MoodDiaryView.swift */; };
		2F4AB6292A5DDDBE00F6332F /* MoodAddDiaryView.swift in Sources */ = {isa = PBXBuildFile; fileRef = 2F4AB6282A5DDDBE00F6332F /* MoodAddDiaryView.swift */; };
		2F4AB62B2A5E5C3500F6332F /* MoodRowView.swift in Sources */ = {isa = PBXBuildFile; fileRef = 2F4AB62A2A5E5C3500F6332F /* MoodRowView.swift */; };
		2F54B260297C71190075E488 /* Realm in Frameworks */ = {isa = PBXBuildFile; productRef = 2F54B25F297C71190075E488 /* Realm */; };
		2F54B262297C71190075E488 /* RealmSwift in Frameworks */ = {isa = PBXBuildFile; productRef = 2F54B261297C71190075E488 /* RealmSwift */; };
		2F5B2EC82AFC00DF00778727 /* DayStateViewModel.swift in Sources */ = {isa = PBXBuildFile; fileRef = 2F5B2EC72AFC00DF00778727 /* DayStateViewModel.swift */; };
		2F6083432AFACDA1004A7F95 /* AnalyticsView.swift in Sources */ = {isa = PBXBuildFile; fileRef = 2F6083422AFACDA1004A7F95 /* AnalyticsView.swift */; };
		2F64DE362A8161B9007917D2 /* ReminderManager.swift in Sources */ = {isa = PBXBuildFile; fileRef = 2F64DE352A8161B9007917D2 /* ReminderManager.swift */; };
		2F6BFD952B068B2900BE9D03 /* Analogist.ttf in Resources */ = {isa = PBXBuildFile; fileRef = 2F6BFD932B068B2900BE9D03 /* Analogist.ttf */; };
		2F6BFD962B068B2900BE9D03 /* Analogist.otf in Resources */ = {isa = PBXBuildFile; fileRef = 2F6BFD942B068B2900BE9D03 /* Analogist.otf */; };
		2F6BFD9A2B068E6400BE9D03 /* Butler.otf in Resources */ = {isa = PBXBuildFile; fileRef = 2F6BFD992B068E6400BE9D03 /* Butler.otf */; };
		2F919D332A5DD83000291071 /* Day.swift in Sources */ = {isa = PBXBuildFile; fileRef = 2F919D322A5DD83000291071 /* Day.swift */; };
		2F919D352A5DD8EA00291071 /* DiaryColors.swift in Sources */ = {isa = PBXBuildFile; fileRef = 2F919D342A5DD8EA00291071 /* DiaryColors.swift */; };
		2F9EBB032A6489F900DC806A /* Affirmation.swift in Sources */ = {isa = PBXBuildFile; fileRef = 2F9EBB022A6489F900DC806A /* Affirmation.swift */; };
		2F9EBB072A648A8000DC806A /* AffirmationView.swift in Sources */ = {isa = PBXBuildFile; fileRef = 2F9EBB062A648A8000DC806A /* AffirmationView.swift */; };
		2FA38A9F2AEB0E6A00BE57F0 /* CustomHeaderShape.swift in Sources */ = {isa = PBXBuildFile; fileRef = 2FA38A9E2AEB0E6A00BE57F0 /* CustomHeaderShape.swift */; };
		2FA9AB452A4E0D7A00557FD0 /* MoodModel.swift in Sources */ = {isa = PBXBuildFile; fileRef = 2FA9AB442A4E0D7A00557FD0 /* MoodModel.swift */; };
		2FAD51EB2B0425F400D28A3C /* AppViewModel.swift in Sources */ = {isa = PBXBuildFile; fileRef = 2FAD51EA2B0425F400D28A3C /* AppViewModel.swift */; };
		2FB2C4FC2A37B3C4006D5A30 /* TaskCategory.swift in Sources */ = {isa = PBXBuildFile; fileRef = 2FB2C4FB2A37B3C4006D5A30 /* TaskCategory.swift */; };
		2FB2C4FE2A37B401006D5A30 /* TaskManagerView.swift in Sources */ = {isa = PBXBuildFile; fileRef = 2FB2C4FD2A37B401006D5A30 /* TaskManagerView.swift */; };
		2FB2C5012A37B4FD006D5A30 /* AddTaskView.swift in Sources */ = {isa = PBXBuildFile; fileRef = 2FB2C5002A37B4FD006D5A30 /* AddTaskView.swift */; };
		2FB87FB02A0C6E1D0033B4E1 /* AppDelegate.swift in Sources */ = {isa = PBXBuildFile; fileRef = 2FB87FAF2A0C6E1D0033B4E1 /* AppDelegate.swift */; };
		2FC5643D2A68B67300664FE0 /* SceneDelegate.swift in Sources */ = {isa = PBXBuildFile; fileRef = 2FC5643C2A68B67300664FE0 /* SceneDelegate.swift */; };
		2FCD00562A66E9D2000AD649 /* SignUpView.swift in Sources */ = {isa = PBXBuildFile; fileRef = 2FCD00552A66E9D2000AD649 /* SignUpView.swift */; };
		2FCD005A2A6710BC000AD649 /* AuthViewModel.swift in Sources */ = {isa = PBXBuildFile; fileRef = 2FCD00592A6710BC000AD649 /* AuthViewModel.swift */; };
		2FCD005C2A67127F000AD649 /* User.swift in Sources */ = {isa = PBXBuildFile; fileRef = 2FCD005B2A67127F000AD649 /* User.swift */; };
		2FCD005E2A671647000AD649 /* ProgressLoadingView.swift in Sources */ = {isa = PBXBuildFile; fileRef = 2FCD005D2A671647000AD649 /* ProgressLoadingView.swift */; };
		2FCD00602A671862000AD649 /* Constants.swift in Sources */ = {isa = PBXBuildFile; fileRef = 2FCD005F2A671862000AD649 /* Constants.swift */; };
		2FCD00622A67188F000AD649 /* AppLockViewModel.swift in Sources */ = {isa = PBXBuildFile; fileRef = 2FCD00612A67188F000AD649 /* AppLockViewModel.swift */; };
		2FCD00642A671C1E000AD649 /* LoginView.swift in Sources */ = {isa = PBXBuildFile; fileRef = 2FCD00632A671C1E000AD649 /* LoginView.swift */; };
		2FD9FB782B0BCEB500E4FBD4 /* equilibrium.mp3 in Resources */ = {isa = PBXBuildFile; fileRef = 2FD9FB772B0BCEB500E4FBD4 /* equilibrium.mp3 */; };
		2FD9FB7A2B0BE1AA00E4FBD4 /* MoodCountView.swift in Sources */ = {isa = PBXBuildFile; fileRef = 2FD9FB792B0BE1AA00E4FBD4 /* MoodCountView.swift */; };
		2FEEE582297731CE00416E54 /* TaskRow.swift in Sources */ = {isa = PBXBuildFile; fileRef = 2FEEE581297731CE00416E54 /* TaskRow.swift */; };
		2FF12EBC2A0B759A0097993C /* OmcModel.xcdatamodeld in Sources */ = {isa = PBXBuildFile; fileRef = 2FF12EBA2A0B759A0097993C /* OmcModel.xcdatamodeld */; };
		2FF50124296E9B2800813D40 /* MainView.swift in Sources */ = {isa = PBXBuildFile; fileRef = 2FF50123296E9B2800813D40 /* MainView.swift */; };
		2FF50127296EA2B400813D40 /* MeditationView.swift in Sources */ = {isa = PBXBuildFile; fileRef = 2FF50126296EA2B400813D40 /* MeditationView.swift */; };
		2FF50129296EA33000813D40 /* SettingsView.swift in Sources */ = {isa = PBXBuildFile; fileRef = 2FF50128296EA33000813D40 /* SettingsView.swift */; };
		2FF51E042A3A42370035A964 /* SplashScreenView.swift in Sources */ = {isa = PBXBuildFile; fileRef = 2FF51E032A3A42370035A964 /* SplashScreenView.swift */; };
		2FF87ABA2A61177A0026DF9E /* MoodCalendarView.swift in Sources */ = {isa = PBXBuildFile; fileRef = 2FF87AB92A61177A0026DF9E /* MoodCalendarView.swift */; };
		2FFBD0262A5DD7B8002C258B /* Month.swift in Sources */ = {isa = PBXBuildFile; fileRef = 2FFBD0252A5DD7B8002C258B /* Month.swift */; };
		D130FD8150574B3AB4BB697C /* Pods_OhMyClock.framework in Frameworks */ = {isa = PBXBuildFile; fileRef = 1E0CEB7FFF9AB3C613B273EE /* Pods_OhMyClock.framework */; };
/* End PBXBuildFile section */

/* Begin PBXCopyFilesBuildPhase section */
		2FDBFCAD2A64B0C400CF96FE /* Embed Foundation Extensions */ = {
			isa = PBXCopyFilesBuildPhase;
			buildActionMask = 2147483647;
			dstPath = "";
			dstSubfolderSpec = 13;
			files = (
			);
			name = "Embed Foundation Extensions";
			runOnlyForDeploymentPostprocessing = 0;
		};
/* End PBXCopyFilesBuildPhase section */

/* Begin PBXFileReference section */
		1E0CEB7FFF9AB3C613B273EE /* Pods_OhMyClock.framework */ = {isa = PBXFileReference; explicitFileType = wrapper.framework; includeInIndex = 0; path = Pods_OhMyClock.framework; sourceTree = BUILT_PRODUCTS_DIR; };
		2F06D6562A663904004DD93E /* affirmation.json */ = {isa = PBXFileReference; fileEncoding = 4; lastKnownFileType = text.json; name = affirmation.json; path = OhMyClock/Data/affirmation.json; sourceTree = SOURCE_ROOT; };
		2F0D04E82A0A1E1B002523A9 /* Weather.swift */ = {isa = PBXFileReference; lastKnownFileType = sourcecode.swift; path = Weather.swift; sourceTree = "<group>"; };
		2F0D04ED2A0A21EF002523A9 /* WeatherViewModel.swift */ = {isa = PBXFileReference; lastKnownFileType = sourcecode.swift; path = WeatherViewModel.swift; sourceTree = "<group>"; };
		2F11AE132A675615002FFAED /* BiometricLoginView.swift */ = {isa = PBXFileReference; lastKnownFileType = sourcecode.swift; path = BiometricLoginView.swift; sourceTree = "<group>"; };
		2F18B4112A6654DC00F91C7B /* GoogleService-Info.plist */ = {isa = PBXFileReference; fileEncoding = 4; lastKnownFileType = text.plist.xml; path = "GoogleService-Info.plist"; sourceTree = "<group>"; };
		2F24A2682A4C878400B41C01 /* BreathType.swift */ = {isa = PBXFileReference; lastKnownFileType = sourcecode.swift; path = BreathType.swift; sourceTree = "<group>"; };
		2F27A17F2973F0FC007DA7CC /* LocationManager.swift */ = {isa = PBXFileReference; lastKnownFileType = sourcecode.swift; path = LocationManager.swift; sourceTree = "<group>"; };
		2F27A187297402AB007DA7CC /* LocationFetch.swift */ = {isa = PBXFileReference; lastKnownFileType = sourcecode.swift; path = LocationFetch.swift; sourceTree = "<group>"; };
		2F36B0A02967A40000AC8D59 /* OhMyClock.app */ = {isa = PBXFileReference; explicitFileType = wrapper.application; includeInIndex = 0; path = OhMyClock.app; sourceTree = BUILT_PRODUCTS_DIR; };
		2F36B0A32967A40000AC8D59 /* OhMyClockApp.swift */ = {isa = PBXFileReference; lastKnownFileType = sourcecode.swift; path = OhMyClockApp.swift; sourceTree = "<group>"; };
		2F36B0A52967A40000AC8D59 /* ContentView.swift */ = {isa = PBXFileReference; lastKnownFileType = sourcecode.swift; path = ContentView.swift; sourceTree = "<group>"; };
		2F36B0A72967A40200AC8D59 /* Assets.xcassets */ = {isa = PBXFileReference; lastKnownFileType = folder.assetcatalog; path = Assets.xcassets; sourceTree = "<group>"; };
		2F36B0AA2967A40200AC8D59 /* Preview Assets.xcassets */ = {isa = PBXFileReference; lastKnownFileType = folder.assetcatalog; path = "Preview Assets.xcassets"; sourceTree = "<group>"; };
		2F36B0B22967A4B000AC8D59 /* Colors.swift */ = {isa = PBXFileReference; lastKnownFileType = sourcecode.swift; path = Colors.swift; sourceTree = "<group>"; };
		2F36B0B42967A4DF00AC8D59 /* DateFormatter+TimeFormatter.swift */ = {isa = PBXFileReference; lastKnownFileType = sourcecode.swift; path = "DateFormatter+TimeFormatter.swift"; sourceTree = "<group>"; };
		2F36B0B72967A51900AC8D59 /* Models.swift */ = {isa = PBXFileReference; lastKnownFileType = sourcecode.swift; path = Models.swift; sourceTree = "<group>"; };
		2F434BAE296F60FE00698C1A /* PlayerView.swift */ = {isa = PBXFileReference; lastKnownFileType = sourcecode.swift; path = PlayerView.swift; sourceTree = "<group>"; };
		2F434BB0296F63F000698C1A /* PlaybackControlButton.swift */ = {isa = PBXFileReference; lastKnownFileType = sourcecode.swift; path = PlaybackControlButton.swift; sourceTree = "<group>"; };
		2F434BB2296F863400698C1A /* MeditationViewModel.swift */ = {isa = PBXFileReference; lastKnownFileType = sourcecode.swift; path = MeditationViewModel.swift; sourceTree = "<group>"; };
		2F434BB5296F89F100698C1A /* Extensions.swift */ = {isa = PBXFileReference; lastKnownFileType = sourcecode.swift; path = Extensions.swift; sourceTree = "<group>"; };
		2F434BB7296F8CCA00698C1A /* AudioManager.swift */ = {isa = PBXFileReference; lastKnownFileType = sourcecode.swift; path = AudioManager.swift; sourceTree = "<group>"; };
		2F434BBB296F8F9A00698C1A /* Info.plist */ = {isa = PBXFileReference; lastKnownFileType = text.plist; path = Info.plist; sourceTree = "<group>"; };
		2F438EF42A6B139A00CDF33D /* PasswordResetView.swift */ = {isa = PBXFileReference; lastKnownFileType = sourcecode.swift; path = PasswordResetView.swift; sourceTree = "<group>"; };
		2F438EF62A6B164B00CDF33D /* PasswordResetService.swift */ = {isa = PBXFileReference; lastKnownFileType = sourcecode.swift; path = PasswordResetService.swift; sourceTree = "<group>"; };
		2F438EF82A6B17B000CDF33D /* PasswordResetViewModel.swift */ = {isa = PBXFileReference; lastKnownFileType = sourcecode.swift; path = PasswordResetViewModel.swift; sourceTree = "<group>"; };
		2F4AB6212A5DDAA400F6332F /* MoodModelController.swift */ = {isa = PBXFileReference; lastKnownFileType = sourcecode.swift; path = MoodModelController.swift; sourceTree = "<group>"; };
		2F4AB6232A5DDB3600F6332F /* DiaryMood.swift */ = {isa = PBXFileReference; lastKnownFileType = sourcecode.swift; path = DiaryMood.swift; sourceTree = "<group>"; };
		2F4AB6262A5DDD0D00F6332F /* MoodDiaryView.swift */ = {isa = PBXFileReference; lastKnownFileType = sourcecode.swift; path = MoodDiaryView.swift; sourceTree = "<group>"; };
		2F4AB6282A5DDDBE00F6332F /* MoodAddDiaryView.swift */ = {isa = PBXFileReference; lastKnownFileType = sourcecode.swift; path = MoodAddDiaryView.swift; sourceTree = "<group>"; };
		2F4AB62A2A5E5C3500F6332F /* MoodRowView.swift */ = {isa = PBXFileReference; lastKnownFileType = sourcecode.swift; path = MoodRowView.swift; sourceTree = "<group>"; };
		2F5B2EC72AFC00DF00778727 /* DayStateViewModel.swift */ = {isa = PBXFileReference; lastKnownFileType = sourcecode.swift; path = DayStateViewModel.swift; sourceTree = "<group>"; };
		2F6083422AFACDA1004A7F95 /* AnalyticsView.swift */ = {isa = PBXFileReference; lastKnownFileType = sourcecode.swift; path = AnalyticsView.swift; sourceTree = "<group>"; };
		2F64DE352A8161B9007917D2 /* ReminderManager.swift */ = {isa = PBXFileReference; lastKnownFileType = sourcecode.swift; path = ReminderManager.swift; sourceTree = "<group>"; };
		2F6BFD932B068B2900BE9D03 /* Analogist.ttf */ = {isa = PBXFileReference; lastKnownFileType = file; path = Analogist.ttf; sourceTree = "<group>"; };
		2F6BFD942B068B2900BE9D03 /* Analogist.otf */ = {isa = PBXFileReference; lastKnownFileType = file; path = Analogist.otf; sourceTree = "<group>"; };
		2F6BFD992B068E6400BE9D03 /* Butler.otf */ = {isa = PBXFileReference; lastKnownFileType = file; path = Butler.otf; sourceTree = "<group>"; };
		2F8838302A0AB1C800840F68 /* OhMyClock.entitlements */ = {isa = PBXFileReference; lastKnownFileType = text.plist.entitlements; path = OhMyClock.entitlements; sourceTree = "<group>"; };
		2F919D322A5DD83000291071 /* Day.swift */ = {isa = PBXFileReference; lastKnownFileType = sourcecode.swift; path = Day.swift; sourceTree = "<group>"; };
		2F919D342A5DD8EA00291071 /* DiaryColors.swift */ = {isa = PBXFileReference; lastKnownFileType = sourcecode.swift; path = DiaryColors.swift; sourceTree = "<group>"; };
		2F9EBB022A6489F900DC806A /* Affirmation.swift */ = {isa = PBXFileReference; lastKnownFileType = sourcecode.swift; path = Affirmation.swift; sourceTree = "<group>"; };
		2F9EBB062A648A8000DC806A /* AffirmationView.swift */ = {isa = PBXFileReference; lastKnownFileType = sourcecode.swift; path = AffirmationView.swift; sourceTree = "<group>"; };
		2FA38A9E2AEB0E6A00BE57F0 /* CustomHeaderShape.swift */ = {isa = PBXFileReference; lastKnownFileType = sourcecode.swift; path = CustomHeaderShape.swift; sourceTree = "<group>"; };
		2FA9AB442A4E0D7A00557FD0 /* MoodModel.swift */ = {isa = PBXFileReference; lastKnownFileType = sourcecode.swift; path = MoodModel.swift; sourceTree = "<group>"; };
		2FAD51EA2B0425F400D28A3C /* AppViewModel.swift */ = {isa = PBXFileReference; lastKnownFileType = sourcecode.swift; path = AppViewModel.swift; sourceTree = "<group>"; };
		2FB2C4FB2A37B3C4006D5A30 /* TaskCategory.swift */ = {isa = PBXFileReference; lastKnownFileType = sourcecode.swift; path = TaskCategory.swift; sourceTree = "<group>"; };
		2FB2C4FD2A37B401006D5A30 /* TaskManagerView.swift */ = {isa = PBXFileReference; lastKnownFileType = sourcecode.swift; path = TaskManagerView.swift; sourceTree = "<group>"; };
		2FB2C5002A37B4FD006D5A30 /* AddTaskView.swift */ = {isa = PBXFileReference; lastKnownFileType = sourcecode.swift; path = AddTaskView.swift; sourceTree = "<group>"; };
		2FB87FAF2A0C6E1D0033B4E1 /* AppDelegate.swift */ = {isa = PBXFileReference; lastKnownFileType = sourcecode.swift; path = AppDelegate.swift; sourceTree = "<group>"; };
		2FC5643C2A68B67300664FE0 /* SceneDelegate.swift */ = {isa = PBXFileReference; lastKnownFileType = sourcecode.swift; path = SceneDelegate.swift; sourceTree = "<group>"; };
		2FCD00552A66E9D2000AD649 /* SignUpView.swift */ = {isa = PBXFileReference; lastKnownFileType = sourcecode.swift; path = SignUpView.swift; sourceTree = "<group>"; };
		2FCD00592A6710BC000AD649 /* AuthViewModel.swift */ = {isa = PBXFileReference; lastKnownFileType = sourcecode.swift; path = AuthViewModel.swift; sourceTree = "<group>"; };
		2FCD005B2A67127F000AD649 /* User.swift */ = {isa = PBXFileReference; lastKnownFileType = sourcecode.swift; path = User.swift; sourceTree = "<group>"; };
		2FCD005D2A671647000AD649 /* ProgressLoadingView.swift */ = {isa = PBXFileReference; lastKnownFileType = sourcecode.swift; path = ProgressLoadingView.swift; sourceTree = "<group>"; };
		2FCD005F2A671862000AD649 /* Constants.swift */ = {isa = PBXFileReference; lastKnownFileType = sourcecode.swift; path = Constants.swift; sourceTree = "<group>"; };
		2FCD00612A67188F000AD649 /* AppLockViewModel.swift */ = {isa = PBXFileReference; lastKnownFileType = sourcecode.swift; path = AppLockViewModel.swift; sourceTree = "<group>"; };
		2FCD00632A671C1E000AD649 /* LoginView.swift */ = {isa = PBXFileReference; lastKnownFileType = sourcecode.swift; path = LoginView.swift; sourceTree = "<group>"; };
		2FD9FB772B0BCEB500E4FBD4 /* equilibrium.mp3 */ = {isa = PBXFileReference; lastKnownFileType = audio.mp3; path = equilibrium.mp3; sourceTree = "<group>"; };
		2FD9FB792B0BE1AA00E4FBD4 /* MoodCountView.swift */ = {isa = PBXFileReference; lastKnownFileType = sourcecode.swift; path = MoodCountView.swift; sourceTree = "<group>"; };
		2FDBFC9A2A64B0C200CF96FE /* WidgetKit.framework */ = {isa = PBXFileReference; lastKnownFileType = wrapper.framework; name = WidgetKit.framework; path = System/Library/Frameworks/WidgetKit.framework; sourceTree = SDKROOT; };
		2FDBFC9C2A64B0C200CF96FE /* SwiftUI.framework */ = {isa = PBXFileReference; lastKnownFileType = wrapper.framework; name = SwiftUI.framework; path = System/Library/Frameworks/SwiftUI.framework; sourceTree = SDKROOT; };
		2FEEE581297731CE00416E54 /* TaskRow.swift */ = {isa = PBXFileReference; lastKnownFileType = sourcecode.swift; path = TaskRow.swift; sourceTree = "<group>"; };
		2FF12EBB2A0B759A0097993C /* OmcModel.xcdatamodel */ = {isa = PBXFileReference; lastKnownFileType = wrapper.xcdatamodel; path = OmcModel.xcdatamodel; sourceTree = "<group>"; };
		2FF50123296E9B2800813D40 /* MainView.swift */ = {isa = PBXFileReference; lastKnownFileType = sourcecode.swift; path = MainView.swift; sourceTree = "<group>"; };
		2FF50126296EA2B400813D40 /* MeditationView.swift */ = {isa = PBXFileReference; lastKnownFileType = sourcecode.swift; path = MeditationView.swift; sourceTree = "<group>"; };
		2FF50128296EA33000813D40 /* SettingsView.swift */ = {isa = PBXFileReference; lastKnownFileType = sourcecode.swift; name = SettingsView.swift; path = ../Security/SettingsView.swift; sourceTree = "<group>"; };
		2FF51E032A3A42370035A964 /* SplashScreenView.swift */ = {isa = PBXFileReference; lastKnownFileType = sourcecode.swift; path = SplashScreenView.swift; sourceTree = "<group>"; };
		2FF87AB92A61177A0026DF9E /* MoodCalendarView.swift */ = {isa = PBXFileReference; lastKnownFileType = sourcecode.swift; path = MoodCalendarView.swift; sourceTree = "<group>"; };
		2FFBD0252A5DD7B8002C258B /* Month.swift */ = {isa = PBXFileReference; lastKnownFileType = sourcecode.swift; path = Month.swift; sourceTree = "<group>"; };
		71C548B17BD3E291DC7F07BF /* Pods-OhMyClock.debug.xcconfig */ = {isa = PBXFileReference; includeInIndex = 1; lastKnownFileType = text.xcconfig; name = "Pods-OhMyClock.debug.xcconfig"; path = "Target Support Files/Pods-OhMyClock/Pods-OhMyClock.debug.xcconfig"; sourceTree = "<group>"; };
		F035852F19147F0F38D6AF6C /* Pods-OhMyClock.release.xcconfig */ = {isa = PBXFileReference; includeInIndex = 1; lastKnownFileType = text.xcconfig; name = "Pods-OhMyClock.release.xcconfig"; path = "Target Support Files/Pods-OhMyClock/Pods-OhMyClock.release.xcconfig"; sourceTree = "<group>"; };
/* End PBXFileReference section */

/* Begin PBXFrameworksBuildPhase section */
		2F36B09D2967A40000AC8D59 /* Frameworks */ = {
			isa = PBXFrameworksBuildPhase;
			buildActionMask = 2147483647;
			files = (
				2F54B262297C71190075E488 /* RealmSwift in Frameworks */,
				2F54B260297C71190075E488 /* Realm in Frameworks */,
				2F27A186297401B8007DA7CC /* SwiftyJSON in Frameworks */,
				2F27A18329740143007DA7CC /* Alamofire in Frameworks */,
				D130FD8150574B3AB4BB697C /* Pods_OhMyClock.framework in Frameworks */,
			);
			runOnlyForDeploymentPostprocessing = 0;
		};
/* End PBXFrameworksBuildPhase section */

/* Begin PBXGroup section */
		2F06D6582A663CC3004DD93E /* Data */ = {
			isa = PBXGroup;
			children = (
				2F06D6562A663904004DD93E /* affirmation.json */,
			);
			path = Data;
			sourceTree = "<group>";
		};
		2F36B0972967A40000AC8D59 = {
			isa = PBXGroup;
			children = (
				2F36B0A22967A40000AC8D59 /* OhMyClock */,
				2FDBFC992A64B0C200CF96FE /* Frameworks */,
				2F36B0A12967A40000AC8D59 /* Products */,
				FCE264DC92A63B05C1E6185B /* Pods */,
			);
			sourceTree = "<group>";
		};
		2F36B0A12967A40000AC8D59 /* Products */ = {
			isa = PBXGroup;
			children = (
				2F36B0A02967A40000AC8D59 /* OhMyClock.app */,
			);
			name = Products;
			sourceTree = "<group>";
		};
		2F36B0A22967A40000AC8D59 /* OhMyClock */ = {
			isa = PBXGroup;
			children = (
				2F8838302A0AB1C800840F68 /* OhMyClock.entitlements */,
				2F434BBB296F8F9A00698C1A /* Info.plist */,
				2F18B4112A6654DC00F91C7B /* GoogleService-Info.plist */,
				2FB87FAE2A0C6E090033B4E1 /* Delegates */,
				2F434BB4296F89D100698C1A /* Helpers */,
				2F36B0B12967A48B00AC8D59 /* Utils */,
				2F06D6582A663CC3004DD93E /* Data */,
				2F36B0B62967A4FD00AC8D59 /* Models */,
				2F4AB6202A5DDA8300F6332F /* Model Controller */,
				2F36B0B92967A52500AC8D59 /* ViewModels */,
				2F36B0A32967A40000AC8D59 /* OhMyClockApp.swift */,
				2F36B0A52967A40000AC8D59 /* ContentView.swift */,
				2FF51E032A3A42370035A964 /* SplashScreenView.swift */,
				2FF50125296EA29300813D40 /* Views */,
				2F36B0A72967A40200AC8D59 /* Assets.xcassets */,
				2FD9FB772B0BCEB500E4FBD4 /* equilibrium.mp3 */,
				2F6BFD942B068B2900BE9D03 /* Analogist.otf */,
				2F6BFD932B068B2900BE9D03 /* Analogist.ttf */,
				2F6BFD992B068E6400BE9D03 /* Butler.otf */,
				2F36B0A92967A40200AC8D59 /* Preview Content */,
				2FF12EBA2A0B759A0097993C /* OmcModel.xcdatamodeld */,
			);
			path = OhMyClock;
			sourceTree = "<group>";
		};
		2F36B0A92967A40200AC8D59 /* Preview Content */ = {
			isa = PBXGroup;
			children = (
				2F36B0AA2967A40200AC8D59 /* Preview Assets.xcassets */,
			);
			path = "Preview Content";
			sourceTree = "<group>";
		};
		2F36B0B12967A48B00AC8D59 /* Utils */ = {
			isa = PBXGroup;
			children = (
				2F36B0B22967A4B000AC8D59 /* Colors.swift */,
				2F36B0B42967A4DF00AC8D59 /* DateFormatter+TimeFormatter.swift */,
				2F434BB0296F63F000698C1A /* PlaybackControlButton.swift */,
				2FEEE581297731CE00416E54 /* TaskRow.swift */,
				2FCD005F2A671862000AD649 /* Constants.swift */,
				2F438EF62A6B164B00CDF33D /* PasswordResetService.swift */,
				2FA38A9E2AEB0E6A00BE57F0 /* CustomHeaderShape.swift */,
			);
			path = Utils;
			sourceTree = "<group>";
		};
		2F36B0B62967A4FD00AC8D59 /* Models */ = {
			isa = PBXGroup;
			children = (
				2F36B0B72967A51900AC8D59 /* Models.swift */,
				2F0D04E82A0A1E1B002523A9 /* Weather.swift */,
				2FB2C4FB2A37B3C4006D5A30 /* TaskCategory.swift */,
				2F24A2682A4C878400B41C01 /* BreathType.swift */,
				2FCD005B2A67127F000AD649 /* User.swift */,
				2F64DE352A8161B9007917D2 /* ReminderManager.swift */,
				2F9EBB012A6489C900DC806A /* Quote */,
				2F4AB62D2A5E5CEF00F6332F /* Mood */,
			);
			path = Models;
			sourceTree = "<group>";
		};
		2F36B0B92967A52500AC8D59 /* ViewModels */ = {
			isa = PBXGroup;
			children = (
				2F434BB2296F863400698C1A /* MeditationViewModel.swift */,
				2F0D04ED2A0A21EF002523A9 /* WeatherViewModel.swift */,
				2FCD00612A67188F000AD649 /* AppLockViewModel.swift */,
				2FCD00592A6710BC000AD649 /* AuthViewModel.swift */,
				2F438EF82A6B17B000CDF33D /* PasswordResetViewModel.swift */,
				2F5B2EC72AFC00DF00778727 /* DayStateViewModel.swift */,
				2FAD51EA2B0425F400D28A3C /* AppViewModel.swift */,
			);
			path = ViewModels;
			sourceTree = "<group>";
		};
		2F434BB4296F89D100698C1A /* Helpers */ = {
			isa = PBXGroup;
			children = (
				2F434BB5296F89F100698C1A /* Extensions.swift */,
				2F434BB7296F8CCA00698C1A /* AudioManager.swift */,
				2F27A17F2973F0FC007DA7CC /* LocationManager.swift */,
				2F27A187297402AB007DA7CC /* LocationFetch.swift */,
				2FD9FB792B0BE1AA00E4FBD4 /* MoodCountView.swift */,
			);
			path = Helpers;
			sourceTree = "<group>";
		};
		2F4AB6202A5DDA8300F6332F /* Model Controller */ = {
			isa = PBXGroup;
			children = (
				2F4AB6212A5DDAA400F6332F /* MoodModelController.swift */,
			);
			path = "Model Controller";
			sourceTree = "<group>";
		};
		2F4AB6252A5DDCF000F6332F /* Diary */ = {
			isa = PBXGroup;
			children = (
				2F4AB6262A5DDD0D00F6332F /* MoodDiaryView.swift */,
				2F4AB6282A5DDDBE00F6332F /* MoodAddDiaryView.swift */,
				2F4AB62A2A5E5C3500F6332F /* MoodRowView.swift */,
				2FF87AB92A61177A0026DF9E /* MoodCalendarView.swift */,
			);
			path = Diary;
			sourceTree = "<group>";
		};
		2F4AB62D2A5E5CEF00F6332F /* Mood */ = {
			isa = PBXGroup;
			children = (
				2FA9AB442A4E0D7A00557FD0 /* MoodModel.swift */,
				2FFBD0252A5DD7B8002C258B /* Month.swift */,
				2F919D322A5DD83000291071 /* Day.swift */,
				2F919D342A5DD8EA00291071 /* DiaryColors.swift */,
				2F4AB6232A5DDB3600F6332F /* DiaryMood.swift */,
			);
			path = Mood;
			sourceTree = "<group>";
		};
		2F9EBB012A6489C900DC806A /* Quote */ = {
			isa = PBXGroup;
			children = (
				2F9EBB022A6489F900DC806A /* Affirmation.swift */,
			);
			path = Quote;
			sourceTree = "<group>";
		};
		2FB2C4FF2A37B4DD006D5A30 /* Tasks */ = {
			isa = PBXGroup;
			children = (
				2FB2C4FD2A37B401006D5A30 /* TaskManagerView.swift */,
				2FB2C5002A37B4FD006D5A30 /* AddTaskView.swift */,
			);
			path = Tasks;
			sourceTree = "<group>";
		};
		2FB87FAE2A0C6E090033B4E1 /* Delegates */ = {
			isa = PBXGroup;
			children = (
				2FB87FAF2A0C6E1D0033B4E1 /* AppDelegate.swift */,
				2FC5643C2A68B67300664FE0 /* SceneDelegate.swift */,
			);
			path = Delegates;
			sourceTree = "<group>";
		};
		2FCD00532A66E990000AD649 /* Settings */ = {
			isa = PBXGroup;
			children = (
				2FF50128296EA33000813D40 /* SettingsView.swift */,
				2FCD00542A66E9B1000AD649 /* Security */,
			);
			path = Settings;
			sourceTree = "<group>";
		};
		2FCD00542A66E9B1000AD649 /* Security */ = {
			isa = PBXGroup;
			children = (
				2FCD00552A66E9D2000AD649 /* SignUpView.swift */,
				2FCD00632A671C1E000AD649 /* LoginView.swift */,
				2F11AE132A675615002FFAED /* BiometricLoginView.swift */,
				2F438EF42A6B139A00CDF33D /* PasswordResetView.swift */,
			);
			path = Security;
			sourceTree = "<group>";
		};
		2FDBFC992A64B0C200CF96FE /* Frameworks */ = {
			isa = PBXGroup;
			children = (
				2FDBFC9A2A64B0C200CF96FE /* WidgetKit.framework */,
				2FDBFC9C2A64B0C200CF96FE /* SwiftUI.framework */,
				1E0CEB7FFF9AB3C613B273EE /* Pods_OhMyClock.framework */,
			);
			name = Frameworks;
			sourceTree = "<group>";
		};
		2FF50125296EA29300813D40 /* Views */ = {
			isa = PBXGroup;
			children = (
				2FF50123296E9B2800813D40 /* MainView.swift */,
				2FF50126296EA2B400813D40 /* MeditationView.swift */,
				2F434BAE296F60FE00698C1A /* PlayerView.swift */,
				2F9EBB062A648A8000DC806A /* AffirmationView.swift */,
				2F6083422AFACDA1004A7F95 /* AnalyticsView.swift */,
				2FCD005D2A671647000AD649 /* ProgressLoadingView.swift */,
				2F4AB6252A5DDCF000F6332F /* Diary */,
				2FCD00532A66E990000AD649 /* Settings */,
				2FB2C4FF2A37B4DD006D5A30 /* Tasks */,
			);
			path = Views;
			sourceTree = "<group>";
		};
		FCE264DC92A63B05C1E6185B /* Pods */ = {
			isa = PBXGroup;
			children = (
				71C548B17BD3E291DC7F07BF /* Pods-OhMyClock.debug.xcconfig */,
				F035852F19147F0F38D6AF6C /* Pods-OhMyClock.release.xcconfig */,
			);
			path = Pods;
			sourceTree = "<group>";
		};
/* End PBXGroup section */

/* Begin PBXNativeTarget section */
		2F36B09F2967A40000AC8D59 /* OhMyClock */ = {
			isa = PBXNativeTarget;
			buildConfigurationList = 2F36B0AE2967A40200AC8D59 /* Build configuration list for PBXNativeTarget "OhMyClock" */;
			buildPhases = (
				0DC4E9E55C92C2C2FCAF0CAE /* [CP] Check Pods Manifest.lock */,
				2F36B09C2967A40000AC8D59 /* Sources */,
				2F36B09D2967A40000AC8D59 /* Frameworks */,
				2F36B09E2967A40000AC8D59 /* Resources */,
				2FDBFCAD2A64B0C400CF96FE /* Embed Foundation Extensions */,
				FE7F33F7A9D2B7B846401530 /* [CP] Embed Pods Frameworks */,
			);
			buildRules = (
			);
			dependencies = (
			);
			name = OhMyClock;
			packageProductDependencies = (
				2F27A18229740143007DA7CC /* Alamofire */,
				2F27A185297401B8007DA7CC /* SwiftyJSON */,
				2F54B25F297C71190075E488 /* Realm */,
				2F54B261297C71190075E488 /* RealmSwift */,
			);
			productName = OhMyClock;
			productReference = 2F36B0A02967A40000AC8D59 /* OhMyClock.app */;
			productType = "com.apple.product-type.application";
		};
/* End PBXNativeTarget section */

/* Begin PBXProject section */
		2F36B0982967A40000AC8D59 /* Project object */ = {
			isa = PBXProject;
			attributes = {
				BuildIndependentTargetsInParallel = 1;
				LastSwiftUpdateCheck = 1500;
				LastUpgradeCheck = 1500;
				TargetAttributes = {
					2F36B09F2967A40000AC8D59 = {
						CreatedOnToolsVersion = 14.2;
					};
				};
			};
			buildConfigurationList = 2F36B09B2967A40000AC8D59 /* Build configuration list for PBXProject "OhMyClock" */;
			compatibilityVersion = "Xcode 14.0";
			developmentRegion = en;
			hasScannedForEncodings = 0;
			knownRegions = (
				en,
				Base,
			);
			mainGroup = 2F36B0972967A40000AC8D59;
			packageReferences = (
				2F27A18129740143007DA7CC /* XCRemoteSwiftPackageReference "Alamofire" */,
				2F27A184297401B8007DA7CC /* XCRemoteSwiftPackageReference "SwiftyJSON" */,
				2F54B25E297C71190075E488 /* XCRemoteSwiftPackageReference "realm-swift" */,
			);
			productRefGroup = 2F36B0A12967A40000AC8D59 /* Products */;
			projectDirPath = "";
			projectRoot = "";
			targets = (
				2F36B09F2967A40000AC8D59 /* OhMyClock */,
			);
		};
/* End PBXProject section */

/* Begin PBXResourcesBuildPhase section */
		2F36B09E2967A40000AC8D59 /* Resources */ = {
			isa = PBXResourcesBuildPhase;
			buildActionMask = 2147483647;
			files = (
				2F06D6572A663904004DD93E /* affirmation.json in Resources */,
				2F36B0AB2967A40200AC8D59 /* Preview Assets.xcassets in Resources */,
				2F18B4122A6654DC00F91C7B /* GoogleService-Info.plist in Resources */,
				2F6BFD952B068B2900BE9D03 /* Analogist.ttf in Resources */,
				2F6BFD9A2B068E6400BE9D03 /* Butler.otf in Resources */,
				2FD9FB782B0BCEB500E4FBD4 /* equilibrium.mp3 in Resources */,
				2F36B0A82967A40200AC8D59 /* Assets.xcassets in Resources */,
				2F6BFD962B068B2900BE9D03 /* Analogist.otf in Resources */,
			);
			runOnlyForDeploymentPostprocessing = 0;
		};
/* End PBXResourcesBuildPhase section */

/* Begin PBXShellScriptBuildPhase section */
		0DC4E9E55C92C2C2FCAF0CAE /* [CP] Check Pods Manifest.lock */ = {
			isa = PBXShellScriptBuildPhase;
			buildActionMask = 2147483647;
			files = (
			);
			inputFileListPaths = (
			);
			inputPaths = (
				"${PODS_PODFILE_DIR_PATH}/Podfile.lock",
				"${PODS_ROOT}/Manifest.lock",
			);
			name = "[CP] Check Pods Manifest.lock";
			outputFileListPaths = (
			);
			outputPaths = (
				"$(DERIVED_FILE_DIR)/Pods-OhMyClock-checkManifestLockResult.txt",
			);
			runOnlyForDeploymentPostprocessing = 0;
			shellPath = /bin/sh;
			shellScript = "diff \"${PODS_PODFILE_DIR_PATH}/Podfile.lock\" \"${PODS_ROOT}/Manifest.lock\" > /dev/null\nif [ $? != 0 ] ; then\n    # print error to STDERR\n    echo \"error: The sandbox is not in sync with the Podfile.lock. Run 'pod install' or update your CocoaPods installation.\" >&2\n    exit 1\nfi\n# This output is used by Xcode 'outputs' to avoid re-running this script phase.\necho \"SUCCESS\" > \"${SCRIPT_OUTPUT_FILE_0}\"\n";
			showEnvVarsInLog = 0;
		};
		FE7F33F7A9D2B7B846401530 /* [CP] Embed Pods Frameworks */ = {
			isa = PBXShellScriptBuildPhase;
			buildActionMask = 2147483647;
			files = (
			);
			inputFileListPaths = (
				"${PODS_ROOT}/Target Support Files/Pods-OhMyClock/Pods-OhMyClock-frameworks-${CONFIGURATION}-input-files.xcfilelist",
			);
			name = "[CP] Embed Pods Frameworks";
			outputFileListPaths = (
				"${PODS_ROOT}/Target Support Files/Pods-OhMyClock/Pods-OhMyClock-frameworks-${CONFIGURATION}-output-files.xcfilelist",
			);
			runOnlyForDeploymentPostprocessing = 0;
			shellPath = /bin/sh;
			shellScript = "\"${PODS_ROOT}/Target Support Files/Pods-OhMyClock/Pods-OhMyClock-frameworks.sh\"\n";
			showEnvVarsInLog = 0;
		};
/* End PBXShellScriptBuildPhase section */

/* Begin PBXSourcesBuildPhase section */
		2F36B09C2967A40000AC8D59 /* Sources */ = {
			isa = PBXSourcesBuildPhase;
			buildActionMask = 2147483647;
			files = (
				2FB2C5012A37B4FD006D5A30 /* AddTaskView.swift in Sources */,
				2F9EBB072A648A8000DC806A /* AffirmationView.swift in Sources */,
				2FAD51EB2B0425F400D28A3C /* AppViewModel.swift in Sources */,
				2F36B0B52967A4DF00AC8D59 /* DateFormatter+TimeFormatter.swift in Sources */,
				2F11AE142A675615002FFAED /* BiometricLoginView.swift in Sources */,
				2FF87ABA2A61177A0026DF9E /* MoodCalendarView.swift in Sources */,
				2F0D04EE2A0A21EF002523A9 /* WeatherViewModel.swift in Sources */,
				2FCD005E2A671647000AD649 /* ProgressLoadingView.swift in Sources */,
				2FF50124296E9B2800813D40 /* MainView.swift in Sources */,
				2F36B0A62967A40000AC8D59 /* ContentView.swift in Sources */,
				2F434BB8296F8CCA00698C1A /* AudioManager.swift in Sources */,
				2F36B0B32967A4B000AC8D59 /* Colors.swift in Sources */,
				2F4AB6242A5DDB3600F6332F /* DiaryMood.swift in Sources */,
				2F434BB3296F863400698C1A /* MeditationViewModel.swift in Sources */,
				2F438EF72A6B164B00CDF33D /* PasswordResetService.swift in Sources */,
				2FC5643D2A68B67300664FE0 /* SceneDelegate.swift in Sources */,
				2FFBD0262A5DD7B8002C258B /* Month.swift in Sources */,
				2FB2C4FC2A37B3C4006D5A30 /* TaskCategory.swift in Sources */,
				2F36B0A42967A40000AC8D59 /* OhMyClockApp.swift in Sources */,
				2F919D332A5DD83000291071 /* Day.swift in Sources */,
				2FCD00622A67188F000AD649 /* AppLockViewModel.swift in Sources */,
				2F438EF92A6B17B000CDF33D /* PasswordResetViewModel.swift in Sources */,
				2FF50127296EA2B400813D40 /* MeditationView.swift in Sources */,
				2F5B2EC82AFC00DF00778727 /* DayStateViewModel.swift in Sources */,
				2F434BAF296F60FE00698C1A /* PlayerView.swift in Sources */,
				2F27A188297402AB007DA7CC /* LocationFetch.swift in Sources */,
				2FF51E042A3A42370035A964 /* SplashScreenView.swift in Sources */,
				2FD9FB7A2B0BE1AA00E4FBD4 /* MoodCountView.swift in Sources */,
				2F64DE362A8161B9007917D2 /* ReminderManager.swift in Sources */,
				2F919D352A5DD8EA00291071 /* DiaryColors.swift in Sources */,
				2F4AB6272A5DDD0D00F6332F /* MoodDiaryView.swift in Sources */,
				2F6083432AFACDA1004A7F95 /* AnalyticsView.swift in Sources */,
				2F434BB6296F89F100698C1A /* Extensions.swift in Sources */,
				2FB87FB02A0C6E1D0033B4E1 /* AppDelegate.swift in Sources */,
				2F434BB1296F63F100698C1A /* PlaybackControlButton.swift in Sources */,
				2FCD005C2A67127F000AD649 /* User.swift in Sources */,
				2F4AB62B2A5E5C3500F6332F /* MoodRowView.swift in Sources */,
				2F9EBB032A6489F900DC806A /* Affirmation.swift in Sources */,
				2F24A2692A4C878400B41C01 /* BreathType.swift in Sources */,
				2F0D04E92A0A1E1B002523A9 /* Weather.swift in Sources */,
				2FCD00602A671862000AD649 /* Constants.swift in Sources */,
				2FEEE582297731CE00416E54 /* TaskRow.swift in Sources */,
				2FCD00562A66E9D2000AD649 /* SignUpView.swift in Sources */,
				2FF12EBC2A0B759A0097993C /* OmcModel.xcdatamodeld in Sources */,
				2F36B0B82967A51900AC8D59 /* Models.swift in Sources */,
				2FB2C4FE2A37B401006D5A30 /* TaskManagerView.swift in Sources */,
				2F4AB6222A5DDAA400F6332F /* MoodModelController.swift in Sources */,
				2FA38A9F2AEB0E6A00BE57F0 /* CustomHeaderShape.swift in Sources */,
				2FCD005A2A6710BC000AD649 /* AuthViewModel.swift in Sources */,
				2F438EF52A6B139A00CDF33D /* PasswordResetView.swift in Sources */,
				2F27A1802973F0FC007DA7CC /* LocationManager.swift in Sources */,
				2F4AB6292A5DDDBE00F6332F /* MoodAddDiaryView.swift in Sources */,
				2FCD00642A671C1E000AD649 /* LoginView.swift in Sources */,
				2FA9AB452A4E0D7A00557FD0 /* MoodModel.swift in Sources */,
				2FF50129296EA33000813D40 /* SettingsView.swift in Sources */,
			);
			runOnlyForDeploymentPostprocessing = 0;
		};
/* End PBXSourcesBuildPhase section */

/* Begin XCBuildConfiguration section */
		2F36B0AC2967A40200AC8D59 /* Debug */ = {
			isa = XCBuildConfiguration;
			buildSettings = {
				ALWAYS_SEARCH_USER_PATHS = NO;
				ASSETCATALOG_COMPILER_GENERATE_SWIFT_ASSET_SYMBOL_EXTENSIONS = YES;
				CLANG_ANALYZER_NONNULL = YES;
				CLANG_ANALYZER_NUMBER_OBJECT_CONVERSION = YES_AGGRESSIVE;
				CLANG_CXX_LANGUAGE_STANDARD = "gnu++20";
				CLANG_ENABLE_MODULES = YES;
				CLANG_ENABLE_OBJC_ARC = YES;
				CLANG_ENABLE_OBJC_WEAK = YES;
				CLANG_WARN_BLOCK_CAPTURE_AUTORELEASING = YES;
				CLANG_WARN_BOOL_CONVERSION = YES;
				CLANG_WARN_COMMA = YES;
				CLANG_WARN_CONSTANT_CONVERSION = YES;
				CLANG_WARN_DEPRECATED_OBJC_IMPLEMENTATIONS = YES;
				CLANG_WARN_DIRECT_OBJC_ISA_USAGE = YES_ERROR;
				CLANG_WARN_DOCUMENTATION_COMMENTS = YES;
				CLANG_WARN_EMPTY_BODY = YES;
				CLANG_WARN_ENUM_CONVERSION = YES;
				CLANG_WARN_INFINITE_RECURSION = YES;
				CLANG_WARN_INT_CONVERSION = YES;
				CLANG_WARN_NON_LITERAL_NULL_CONVERSION = YES;
				CLANG_WARN_OBJC_IMPLICIT_RETAIN_SELF = YES;
				CLANG_WARN_OBJC_LITERAL_CONVERSION = YES;
				CLANG_WARN_OBJC_ROOT_CLASS = YES_ERROR;
				CLANG_WARN_QUOTED_INCLUDE_IN_FRAMEWORK_HEADER = YES;
				CLANG_WARN_RANGE_LOOP_ANALYSIS = YES;
				CLANG_WARN_STRICT_PROTOTYPES = YES;
				CLANG_WARN_SUSPICIOUS_MOVE = YES;
				CLANG_WARN_UNGUARDED_AVAILABILITY = YES_AGGRESSIVE;
				CLANG_WARN_UNREACHABLE_CODE = YES;
				CLANG_WARN__DUPLICATE_METHOD_MATCH = YES;
				COPY_PHASE_STRIP = NO;
				DEBUG_INFORMATION_FORMAT = dwarf;
				ENABLE_STRICT_OBJC_MSGSEND = YES;
				ENABLE_TESTABILITY = YES;
				ENABLE_USER_SCRIPT_SANDBOXING = YES;
				GCC_C_LANGUAGE_STANDARD = gnu11;
				GCC_DYNAMIC_NO_PIC = NO;
				GCC_NO_COMMON_BLOCKS = YES;
				GCC_OPTIMIZATION_LEVEL = 0;
				GCC_PREPROCESSOR_DEFINITIONS = (
					"DEBUG=1",
					"$(inherited)",
				);
				GCC_WARN_64_TO_32_BIT_CONVERSION = YES;
				GCC_WARN_ABOUT_RETURN_TYPE = YES_ERROR;
				GCC_WARN_UNDECLARED_SELECTOR = YES;
				GCC_WARN_UNINITIALIZED_AUTOS = YES_AGGRESSIVE;
				GCC_WARN_UNUSED_FUNCTION = YES;
				GCC_WARN_UNUSED_VARIABLE = YES;
				IPHONEOS_DEPLOYMENT_TARGET = 16.0;
				MTL_ENABLE_DEBUG_INFO = INCLUDE_SOURCE;
				MTL_FAST_MATH = YES;
				ONLY_ACTIVE_ARCH = YES;
				SDKROOT = iphoneos;
				SWIFT_ACTIVE_COMPILATION_CONDITIONS = DEBUG;
				SWIFT_OPTIMIZATION_LEVEL = "-Onone";
			};
			name = Debug;
		};
		2F36B0AD2967A40200AC8D59 /* Release */ = {
			isa = XCBuildConfiguration;
			buildSettings = {
				ALWAYS_SEARCH_USER_PATHS = NO;
				ASSETCATALOG_COMPILER_GENERATE_SWIFT_ASSET_SYMBOL_EXTENSIONS = YES;
				CLANG_ANALYZER_NONNULL = YES;
				CLANG_ANALYZER_NUMBER_OBJECT_CONVERSION = YES_AGGRESSIVE;
				CLANG_CXX_LANGUAGE_STANDARD = "gnu++20";
				CLANG_ENABLE_MODULES = YES;
				CLANG_ENABLE_OBJC_ARC = YES;
				CLANG_ENABLE_OBJC_WEAK = YES;
				CLANG_WARN_BLOCK_CAPTURE_AUTORELEASING = YES;
				CLANG_WARN_BOOL_CONVERSION = YES;
				CLANG_WARN_COMMA = YES;
				CLANG_WARN_CONSTANT_CONVERSION = YES;
				CLANG_WARN_DEPRECATED_OBJC_IMPLEMENTATIONS = YES;
				CLANG_WARN_DIRECT_OBJC_ISA_USAGE = YES_ERROR;
				CLANG_WARN_DOCUMENTATION_COMMENTS = YES;
				CLANG_WARN_EMPTY_BODY = YES;
				CLANG_WARN_ENUM_CONVERSION = YES;
				CLANG_WARN_INFINITE_RECURSION = YES;
				CLANG_WARN_INT_CONVERSION = YES;
				CLANG_WARN_NON_LITERAL_NULL_CONVERSION = YES;
				CLANG_WARN_OBJC_IMPLICIT_RETAIN_SELF = YES;
				CLANG_WARN_OBJC_LITERAL_CONVERSION = YES;
				CLANG_WARN_OBJC_ROOT_CLASS = YES_ERROR;
				CLANG_WARN_QUOTED_INCLUDE_IN_FRAMEWORK_HEADER = YES;
				CLANG_WARN_RANGE_LOOP_ANALYSIS = YES;
				CLANG_WARN_STRICT_PROTOTYPES = YES;
				CLANG_WARN_SUSPICIOUS_MOVE = YES;
				CLANG_WARN_UNGUARDED_AVAILABILITY = YES_AGGRESSIVE;
				CLANG_WARN_UNREACHABLE_CODE = YES;
				CLANG_WARN__DUPLICATE_METHOD_MATCH = YES;
				COPY_PHASE_STRIP = NO;
				DEBUG_INFORMATION_FORMAT = "dwarf-with-dsym";
				ENABLE_NS_ASSERTIONS = NO;
				ENABLE_STRICT_OBJC_MSGSEND = YES;
				ENABLE_USER_SCRIPT_SANDBOXING = YES;
				GCC_C_LANGUAGE_STANDARD = gnu11;
				GCC_NO_COMMON_BLOCKS = YES;
				GCC_WARN_64_TO_32_BIT_CONVERSION = YES;
				GCC_WARN_ABOUT_RETURN_TYPE = YES_ERROR;
				GCC_WARN_UNDECLARED_SELECTOR = YES;
				GCC_WARN_UNINITIALIZED_AUTOS = YES_AGGRESSIVE;
				GCC_WARN_UNUSED_FUNCTION = YES;
				GCC_WARN_UNUSED_VARIABLE = YES;
				IPHONEOS_DEPLOYMENT_TARGET = 16.0;
				MTL_ENABLE_DEBUG_INFO = NO;
				MTL_FAST_MATH = YES;
				SDKROOT = iphoneos;
				SWIFT_COMPILATION_MODE = wholemodule;
				SWIFT_OPTIMIZATION_LEVEL = "-O";
				VALIDATE_PRODUCT = YES;
			};
			name = Release;
		};
		2F36B0AF2967A40200AC8D59 /* Debug */ = {
			isa = XCBuildConfiguration;
			baseConfigurationReference = 71C548B17BD3E291DC7F07BF /* Pods-OhMyClock.debug.xcconfig */;
			buildSettings = {
				ALWAYS_EMBED_SWIFT_STANDARD_LIBRARIES = YES;
				ASSETCATALOG_COMPILER_APPICON_NAME = AppIcon;
				ASSETCATALOG_COMPILER_GLOBAL_ACCENT_COLOR_NAME = AccentColor;
				ASSETCATALOG_COMPILER_INCLUDE_ALL_APPICON_ASSETS = YES;
				CODE_SIGN_ENTITLEMENTS = OhMyClock/OhMyClock.entitlements;
				CODE_SIGN_STYLE = Automatic;
				CURRENT_PROJECT_VERSION = 18;
				DEVELOPMENT_ASSET_PATHS = "\"OhMyClock/Preview Content\"";
				DEVELOPMENT_TEAM = QACLP69RHJ;
				ENABLE_PREVIEWS = YES;
				ENABLE_USER_SCRIPT_SANDBOXING = NO;
				GENERATE_INFOPLIST_FILE = YES;
				INFOPLIST_FILE = OhMyClock/Info.plist;
				INFOPLIST_KEY_CFBundleDisplayName = Calmatte;
				INFOPLIST_KEY_LSApplicationCategoryType = "public.app-category.utilities";
				INFOPLIST_KEY_NSFaceIDUsageDescription = "\"Allow FaceID to secure the app\"";
				INFOPLIST_KEY_NSLocationAlwaysAndWhenInUseUsageDescription = "Allow \"Calmatte\" permission to get your location so we can deliver accurate weather and timezone information.";
				INFOPLIST_KEY_NSLocationAlwaysUsageDescription = "Allow \"Calmatte\" permission to get your location so we can deliver accurate weather and timezone information.";
				INFOPLIST_KEY_NSLocationWhenInUseUsageDescription = "\"Required to show the name of your location and weather information\"";
				INFOPLIST_KEY_UIApplicationSceneManifest_Generation = YES;
				INFOPLIST_KEY_UIApplicationSupportsIndirectInputEvents = YES;
				INFOPLIST_KEY_UIRequiresFullScreen = YES;
				INFOPLIST_KEY_UIStatusBarHidden = YES;
				INFOPLIST_KEY_UISupportedInterfaceOrientations = UIInterfaceOrientationPortrait;
				IPHONEOS_DEPLOYMENT_TARGET = 16.0;
				LD_RUNPATH_SEARCH_PATHS = (
					"$(inherited)",
					"@executable_path/Frameworks",
				);
				MARKETING_VERSION = 2.1;
				PRODUCT_BUNDLE_IDENTIFIER = "com.appe-latte.OhMyClock";
				PRODUCT_NAME = "$(TARGET_NAME)";
				SUPPORTED_PLATFORMS = "iphoneos iphonesimulator";
				SUPPORTS_MACCATALYST = NO;
				SUPPORTS_MAC_DESIGNED_FOR_IPHONE_IPAD = NO;
				SWIFT_EMIT_LOC_STRINGS = YES;
				SWIFT_VERSION = 5.0;
				TARGETED_DEVICE_FAMILY = 1;
			};
			name = Debug;
		};
		2F36B0B02967A40200AC8D59 /* Release */ = {
			isa = XCBuildConfiguration;
			baseConfigurationReference = F035852F19147F0F38D6AF6C /* Pods-OhMyClock.release.xcconfig */;
			buildSettings = {
				ALWAYS_EMBED_SWIFT_STANDARD_LIBRARIES = YES;
				ASSETCATALOG_COMPILER_APPICON_NAME = AppIcon;
				ASSETCATALOG_COMPILER_GLOBAL_ACCENT_COLOR_NAME = AccentColor;
				ASSETCATALOG_COMPILER_INCLUDE_ALL_APPICON_ASSETS = YES;
				CODE_SIGN_ENTITLEMENTS = OhMyClock/OhMyClock.entitlements;
				CODE_SIGN_STYLE = Automatic;
				CURRENT_PROJECT_VERSION = 18;
				DEVELOPMENT_ASSET_PATHS = "\"OhMyClock/Preview Content\"";
				DEVELOPMENT_TEAM = QACLP69RHJ;
				ENABLE_PREVIEWS = YES;
				ENABLE_USER_SCRIPT_SANDBOXING = NO;
				GENERATE_INFOPLIST_FILE = YES;
				INFOPLIST_FILE = OhMyClock/Info.plist;
				INFOPLIST_KEY_CFBundleDisplayName = Calmatte;
				INFOPLIST_KEY_LSApplicationCategoryType = "public.app-category.utilities";
				INFOPLIST_KEY_NSFaceIDUsageDescription = "\"Allow FaceID to secure the app\"";
				INFOPLIST_KEY_NSLocationAlwaysAndWhenInUseUsageDescription = "Allow \"Calmatte\" permission to get your location so we can deliver accurate weather and timezone information.";
				INFOPLIST_KEY_NSLocationAlwaysUsageDescription = "Allow \"Calmatte\" permission to get your location so we can deliver accurate weather and timezone information.";
				INFOPLIST_KEY_NSLocationWhenInUseUsageDescription = "\"Required to show the name of your location and weather information\"";
				INFOPLIST_KEY_UIApplicationSceneManifest_Generation = YES;
				INFOPLIST_KEY_UIApplicationSupportsIndirectInputEvents = YES;
				INFOPLIST_KEY_UIRequiresFullScreen = YES;
				INFOPLIST_KEY_UIStatusBarHidden = YES;
				INFOPLIST_KEY_UISupportedInterfaceOrientations = UIInterfaceOrientationPortrait;
				IPHONEOS_DEPLOYMENT_TARGET = 16.0;
				LD_RUNPATH_SEARCH_PATHS = (
					"$(inherited)",
					"@executable_path/Frameworks",
				);
				MARKETING_VERSION = 2.1;
				PRODUCT_BUNDLE_IDENTIFIER = "com.appe-latte.OhMyClock";
				PRODUCT_NAME = "$(TARGET_NAME)";
				SUPPORTED_PLATFORMS = "iphoneos iphonesimulator";
				SUPPORTS_MACCATALYST = NO;
				SUPPORTS_MAC_DESIGNED_FOR_IPHONE_IPAD = NO;
				SWIFT_EMIT_LOC_STRINGS = YES;
				SWIFT_VERSION = 5.0;
				TARGETED_DEVICE_FAMILY = 1;
			};
			name = Release;
		};
/* End XCBuildConfiguration section */

/* Begin XCConfigurationList section */
		2F36B09B2967A40000AC8D59 /* Build configuration list for PBXProject "OhMyClock" */ = {
			isa = XCConfigurationList;
			buildConfigurations = (
				2F36B0AC2967A40200AC8D59 /* Debug */,
				2F36B0AD2967A40200AC8D59 /* Release */,
			);
			defaultConfigurationIsVisible = 0;
			defaultConfigurationName = Release;
		};
		2F36B0AE2967A40200AC8D59 /* Build configuration list for PBXNativeTarget "OhMyClock" */ = {
			isa = XCConfigurationList;
			buildConfigurations = (
				2F36B0AF2967A40200AC8D59 /* Debug */,
				2F36B0B02967A40200AC8D59 /* Release */,
			);
			defaultConfigurationIsVisible = 0;
			defaultConfigurationName = Release;
		};
/* End XCConfigurationList section */

/* Begin XCRemoteSwiftPackageReference section */
		2F27A18129740143007DA7CC /* XCRemoteSwiftPackageReference "Alamofire" */ = {
			isa = XCRemoteSwiftPackageReference;
			repositoryURL = "https://github.com/Alamofire/Alamofire.git";
			requirement = {
				kind = upToNextMajorVersion;
				minimumVersion = 5.0.0;
			};
		};
		2F27A184297401B8007DA7CC /* XCRemoteSwiftPackageReference "SwiftyJSON" */ = {
			isa = XCRemoteSwiftPackageReference;
			repositoryURL = "https://github.com/SwiftyJSON/SwiftyJSON.git";
			requirement = {
				kind = upToNextMajorVersion;
				minimumVersion = 5.0.0;
			};
		};
		2F54B25E297C71190075E488 /* XCRemoteSwiftPackageReference "realm-swift" */ = {
			isa = XCRemoteSwiftPackageReference;
			repositoryURL = "https://github.com/realm/realm-swift";
			requirement = {
				kind = upToNextMajorVersion;
				minimumVersion = 10.10.0;
			};
		};
/* End XCRemoteSwiftPackageReference section */

/* Begin XCSwiftPackageProductDependency section */
		2F27A18229740143007DA7CC /* Alamofire */ = {
			isa = XCSwiftPackageProductDependency;
			package = 2F27A18129740143007DA7CC /* XCRemoteSwiftPackageReference "Alamofire" */;
			productName = Alamofire;
		};
		2F27A185297401B8007DA7CC /* SwiftyJSON */ = {
			isa = XCSwiftPackageProductDependency;
			package = 2F27A184297401B8007DA7CC /* XCRemoteSwiftPackageReference "SwiftyJSON" */;
			productName = SwiftyJSON;
		};
		2F54B25F297C71190075E488 /* Realm */ = {
			isa = XCSwiftPackageProductDependency;
			package = 2F54B25E297C71190075E488 /* XCRemoteSwiftPackageReference "realm-swift" */;
			productName = Realm;
		};
		2F54B261297C71190075E488 /* RealmSwift */ = {
			isa = XCSwiftPackageProductDependency;
			package = 2F54B25E297C71190075E488 /* XCRemoteSwiftPackageReference "realm-swift" */;
			productName = RealmSwift;
		};
/* End XCSwiftPackageProductDependency section */

/* Begin XCVersionGroup section */
		2FF12EBA2A0B759A0097993C /* OmcModel.xcdatamodeld */ = {
			isa = XCVersionGroup;
			children = (
				2FF12EBB2A0B759A0097993C /* OmcModel.xcdatamodel */,
			);
			currentVersion = 2FF12EBB2A0B759A0097993C /* OmcModel.xcdatamodel */;
			path = OmcModel.xcdatamodeld;
			sourceTree = "<group>";
			versionGroupType = wrapper.xcdatamodel;
		};
/* End XCVersionGroup section */
	};
	rootObject = 2F36B0982967A40000AC8D59 /* Project object */;
}
